
Microsoft Visual Studio Solution File, Format Version 12.00
# Visual Studio Version 16
VisualStudioVersion = 16.0.30621.155
MinimumVisualStudioVersion = 10.0.40219.1
Project("{E24C65DC-7377-472B-9ABA-BC803B73C61A}") = "ePainTrax_Pharma(1)", ".", "{F2B2135B-E188-47C6-B2F9-15CB2F4349CB}"
	ProjectSection(WebsiteProperties) = preProject
		TargetFrameworkMoniker = ".NETFramework,Version%3Dv4.6.1"
		Debug.AspNetCompiler.VirtualPath = "/localhost_49699"
		Debug.AspNetCompiler.PhysicalPath = "..\ePainTrax_Pharma\"
		Debug.AspNetCompiler.TargetPath = "PrecompiledWeb\localhost_49699\"
		Debug.AspNetCompiler.Updateable = "true"
		Debug.AspNetCompiler.ForceOverwrite = "true"
		Debug.AspNetCompiler.FixedNames = "false"
		Debug.AspNetCompiler.Debug = "True"
		Release.AspNetCompiler.VirtualPath = "/localhost_49699"
		Release.AspNetCompiler.PhysicalPath = "..\ePainTrax_Pharma\"
		Release.AspNetCompiler.TargetPath = "PrecompiledWeb\localhost_49699\"
		Release.AspNetCompiler.Updateable = "true"
		Release.AspNetCompiler.ForceOverwrite = "true"
		Release.AspNetCompiler.FixedNames = "false"
		Release.AspNetCompiler.Debug = "False"
		VWDPort = "49699"
		SlnRelativePath = "..\ePainTrax_Pharma\"
	EndProjectSection
EndProject
Global
	GlobalSection(SolutionConfigurationPlatforms) = preSolution
		Debug|Any CPU = Debug|Any CPU
	EndGlobalSection
	GlobalSection(ProjectConfigurationPlatforms) = postSolution
		{F2B2135B-E188-47C6-B2F9-15CB2F4349CB}.Debug|Any CPU.ActiveCfg = Debug|Any CPU
		{F2B2135B-E188-47C6-B2F9-15CB2F4349CB}.Debug|Any CPU.Build.0 = Debug|Any CPU
	EndGlobalSection
	GlobalSection(SolutionProperties) = preSolution
		HideSolutionNode = FALSE
	EndGlobalSection
	GlobalSection(ExtensibilityGlobals) = postSolution
		SolutionGuid = {EE7390D5-DAEE-47B2-8F28-6764684ED48A}
	EndGlobalSection
EndGlobal
